
Microsoft Visual Studio Solution File, Format Version 12.00
# Visual Studio Version 17
VisualStudioVersion = 17.8.34330.188
MinimumVisualStudioVersion = 10.0.40219.1
Project("{FAE04EC0-301F-11D3-BF4B-00C04F79EFBC}") = "GUITerminalEmulator", "GUITerminalEmulator\GUITerminalEmulator.csproj", "{0FD137DB-1B9A-4788-AE00-F844B790467C}"
EndProject
Project("{FAE04EC0-301F-11D3-BF4B-00C04F79EFBC}") = "ConsoleTerminal", "ConsoleTerminal\ConsoleTerminal.csproj", "{02967C91-5457-4015-8806-38B225624FB2}"
EndProject
Global
	GlobalSection(SolutionConfigurationPlatforms) = preSolution
		Debug|Any CPU = Debug|Any CPU
		Release|Any CPU = Release|Any CPU
	EndGlobalSection
	GlobalSection(ProjectConfigurationPlatforms) = postSolution
		{0FD137DB-1B9A-4788-AE00-F844B790467C}.Debug|Any CPU.ActiveCfg = Debug|Any CPU
		{0FD137DB-1B9A-4788-AE00-F844B790467C}.Debug|Any CPU.Build.0 = Debug|Any CPU
		{0FD137DB-1B9A-4788-AE00-F844B790467C}.Release|Any CPU.ActiveCfg = Release|Any CPU
		{0FD137DB-1B9A-4788-AE00-F844B790467C}.Release|Any CPU.Build.0 = Release|Any CPU
		{02967C91-5457-4015-8806-38B225624FB2}.Debug|Any CPU.ActiveCfg = Debug|Any CPU
		{02967C91-5457-4015-8806-38B225624FB2}.Debug|Any CPU.Build.0 = Debug|Any CPU
		{02967C91-5457-4015-8806-38B225624FB2}.Release|Any CPU.ActiveCfg = Release|Any CPU
		{02967C91-5457-4015-8806-38B225624FB2}.Release|Any CPU.Build.0 = Release|Any CPU
	EndGlobalSection
	GlobalSection(SolutionProperties) = preSolution
		HideSolutionNode = FALSE
	EndGlobalSection
	GlobalSection(ExtensibilityGlobals) = postSolution
		SolutionGuid = {CB9FCF3C-6F60-450F-A719-3974550651BA}
	EndGlobalSection
EndGlobal
